
Microsoft Visual Studio Solution File, Format Version 12.00
# Visual Studio Version 17
VisualStudioVersion = 17.12.35527.113
MinimumVisualStudioVersion = 10.0.40219.1
Project("{9A19103F-16F7-4668-BE54-9A1E7A4F7556}") = "PhotoPrintApp.API", "PhotoPrintApp.API\PhotoPrintApp.API.csproj", "{7CAC276D-07CB-4D59-90EA-84EF4F369800}"
EndProject
Project("{2150E333-8FDC-42A3-9474-1A3956D46DE8}") = "Solution Items", "Solution Items", "{8537EEFE-D0BB-47C0-A26C-09506936E32F}"
	ProjectSection(SolutionItems) = preProject
		.gitignore = .gitignore
	EndProjectSection
EndProject
Project("{FAE04EC0-301F-11D3-BF4B-00C04F79EFBC}") = "PhotoPrintApp.Client", "PhotoPrintApp.Client\PhotoPrintApp.Client.csproj", "{0D9DB82A-0308-46AE-B179-3230B765BC44}"
EndProject
Global
	GlobalSection(SolutionConfigurationPlatforms) = preSolution
		Debug|Any CPU = Debug|Any CPU
		Release|Any CPU = Release|Any CPU
	EndGlobalSection
	GlobalSection(ProjectConfigurationPlatforms) = postSolution
		{7CAC276D-07CB-4D59-90EA-84EF4F369800}.Debug|Any CPU.ActiveCfg = Debug|Any CPU
		{7CAC276D-07CB-4D59-90EA-84EF4F369800}.Debug|Any CPU.Build.0 = Debug|Any CPU
		{7CAC276D-07CB-4D59-90EA-84EF4F369800}.Release|Any CPU.ActiveCfg = Release|Any CPU
		{7CAC276D-07CB-4D59-90EA-84EF4F369800}.Release|Any CPU.Build.0 = Release|Any CPU
		{0D9DB82A-0308-46AE-B179-3230B765BC44}.Debug|Any CPU.ActiveCfg = Debug|Any CPU
		{0D9DB82A-0308-46AE-B179-3230B765BC44}.Debug|Any CPU.Build.0 = Debug|Any CPU
		{0D9DB82A-0308-46AE-B179-3230B765BC44}.Release|Any CPU.ActiveCfg = Release|Any CPU
		{0D9DB82A-0308-46AE-B179-3230B765BC44}.Release|Any CPU.Build.0 = Release|Any CPU
	EndGlobalSection
	GlobalSection(SolutionProperties) = preSolution
		HideSolutionNode = FALSE
	EndGlobalSection
	GlobalSection(ExtensibilityGlobals) = postSolution
		SolutionGuid = {004612DE-8870-4EA7-BBB7-5D493837C736}
	EndGlobalSection
EndGlobal
